
Microsoft Visual Studio Solution File, Format Version 12.00
# Visual Studio Version 17
VisualStudioVersion = 17.1.32210.238
MinimumVisualStudioVersion = 10.0.40219.1
Project("{9092AA53-FB77-4645-B42D-1CCCA6BD08BD}") = "Lab19", "Lab19\Lab19.njsproj", "{C62993A1-D5FF-4847-9D6A-E83D281D4F45}"
EndProject
Global
	GlobalSection(SolutionConfigurationPlatforms) = preSolution
		Debug|Any CPU = Debug|Any CPU
		Release|Any CPU = Release|Any CPU
	EndGlobalSection
	GlobalSection(ProjectConfigurationPlatforms) = postSolution
		{C62993A1-D5FF-4847-9D6A-E83D281D4F45}.Debug|Any CPU.ActiveCfg = Debug|Any CPU
		{C62993A1-D5FF-4847-9D6A-E83D281D4F45}.Debug|Any CPU.Build.0 = Debug|Any CPU
		{C62993A1-D5FF-4847-9D6A-E83D281D4F45}.Release|Any CPU.ActiveCfg = Release|Any CPU
		{C62993A1-D5FF-4847-9D6A-E83D281D4F45}.Release|Any CPU.Build.0 = Release|Any CPU
	EndGlobalSection
	GlobalSection(SolutionProperties) = preSolution
		HideSolutionNode = FALSE
	EndGlobalSection
	GlobalSection(ExtensibilityGlobals) = postSolution
		SolutionGuid = {3CA981AA-A14D-4D88-AE0E-B80149AD789E}
	EndGlobalSection
EndGlobal
